Microsoft Visual Studio Solution File, Format Version 12.00
# Visual Studio Version 17
VisualStudioVersion = 17.5.2.0
MinimumVisualStudioVersion = 10.0.40219.1
Project("{FAE04EC0-301F-11D3-BF4B-00C04F79EFBC}") = "Tarea-3-ED-3S", "Tarea-3-ED-3S.csproj", "{BD3220B9-1F1F-EC5B-1446-41DC8318EBB3}"
EndProject
Global
	GlobalSection(SolutionConfigurationPlatforms) = preSolution
		Debug|Any CPU = Debug|Any CPU
		Release|Any CPU = Release|Any CPU
	EndGlobalSection
	GlobalSection(ProjectConfigurationPlatforms) = postSolution
		{BD3220B9-1F1F-EC5B-1446-41DC8318EBB3}.Debug|Any CPU.ActiveCfg = Debug|Any CPU
		{BD3220B9-1F1F-EC5B-1446-41DC8318EBB3}.Debug|Any CPU.Build.0 = Debug|Any CPU
		{BD3220B9-1F1F-EC5B-1446-41DC8318EBB3}.Release|Any CPU.ActiveCfg = Release|Any CPU
		{BD3220B9-1F1F-EC5B-1446-41DC8318EBB3}.Release|Any CPU.Build.0 = Release|Any CPU
	EndGlobalSection
	GlobalSection(SolutionProperties) = preSolution
		HideSolutionNode = FALSE
	EndGlobalSection
	GlobalSection(ExtensibilityGlobals) = postSolution
		SolutionGuid = {BD6408F8-A92D-4E34-A444-B616F21A779A}
	EndGlobalSection
EndGlobal
